// !$*UTF8*$!
{
	archiveVersion = 1;
	classes = {
	};
	objectVersion = 56;
	objects = {

/* Begin PBXBuildFile section */
		B70B143D2BC369C50042CBD9 /* .gitignore in Resources */ = {isa = PBXBuildFile; fileRef = B70B14342BC369C50042CBD9 /* .gitignore */; };
		B70B143E2BC369C50042CBD9 /* AddView.swift in Sources */ = {isa = PBXBuildFile; fileRef = B70B14352BC369C50042CBD9 /* AddView.swift */; };
		B70B143F2BC369C50042CBD9 /* ContentView.swift in Sources */ = {isa = PBXBuildFile; fileRef = B70B14362BC369C50042CBD9 /* ContentView.swift */; };
		B70B14402BC369C50042CBD9 /* Helper.swift in Sources */ = {isa = PBXBuildFile; fileRef = B70B14372BC369C50042CBD9 /* Helper.swift */; };
		B70B14412BC369C50042CBD9 /* ImagePicker.swift in Sources */ = {isa = PBXBuildFile; fileRef = B70B14382BC369C50042CBD9 /* ImagePicker.swift */; };
		B70B14422BC369C50042CBD9 /* MapView.swift in Sources */ = {isa = PBXBuildFile; fileRef = B70B14392BC369C50042CBD9 /* MapView.swift */; };
		B70B14432BC369C50042CBD9 /* Report.swift in Sources */ = {isa = PBXBuildFile; fileRef = B70B143A2BC369C50042CBD9 /* Report.swift */; };
		B70B14442BC369C50042CBD9 /* ReportSubmissionView.swift in Sources */ = {isa = PBXBuildFile; fileRef = B70B143B2BC369C50042CBD9 /* ReportSubmissionView.swift */; };
		B774D7E82BC368180094557E /* GoogleService-Info.plist in Resources */ = {isa = PBXBuildFile; fileRef = B774D7D92BC368180094557E /* GoogleService-Info.plist */; };
		B774D7E92BC368180094557E /* HABalertApp.swift in Sources */ = {isa = PBXBuildFile; fileRef = B774D7DB2BC368180094557E /* HABalertApp.swift */; };
		B774D7ED2BC368180094557E /* README.md in Resources */ = {isa = PBXBuildFile; fileRef = B774D7DF2BC368180094557E /* README.md */; };
		B7C1C0222BBA0BCA00C28397 /* FirebaseAnalytics in Frameworks */ = {isa = PBXBuildFile; productRef = B7C1C0212BBA0BCA00C28397 /* FirebaseAnalytics */; };
		B7C1C0262BBA272D00C28397 /* FirebaseFirestore in Frameworks */ = {isa = PBXBuildFile; productRef = B7C1C0252BBA272D00C28397 /* FirebaseFirestore */; };
		B7C1C0282BBA273800C28397 /* FirebaseFirestoreSwift in Frameworks */ = {isa = PBXBuildFile; productRef = B7C1C0272BBA273800C28397 /* FirebaseFirestoreSwift */; };
/* End PBXBuildFile section */

/* Begin PBXFileReference section */
		B70B14342BC369C50042CBD9 /* .gitignore */ = {isa = PBXFileReference; fileEncoding = 4; lastKnownFileType = text; path = .gitignore; sourceTree = "<group>"; };
		B70B14352BC369C50042CBD9 /* AddView.swift */ = {isa = PBXFileReference; fileEncoding = 4; lastKnownFileType = sourcecode.swift; path = AddView.swift; sourceTree = "<group>"; };
		B70B14362BC369C50042CBD9 /* ContentView.swift */ = {isa = PBXFileReference; fileEncoding = 4; lastKnownFileType = sourcecode.swift; path = ContentView.swift; sourceTree = "<group>"; };
		B70B14372BC369C50042CBD9 /* Helper.swift */ = {isa = PBXFileReference; fileEncoding = 4; lastKnownFileType = sourcecode.swift; path = Helper.swift; sourceTree = "<group>"; };
		B70B14382BC369C50042CBD9 /* ImagePicker.swift */ = {isa = PBXFileReference; fileEncoding = 4; lastKnownFileType = sourcecode.swift; path = ImagePicker.swift; sourceTree = "<group>"; };
		B70B14392BC369C50042CBD9 /* MapView.swift */ = {isa = PBXFileReference; fileEncoding = 4; lastKnownFileType = sourcecode.swift; path = MapView.swift; sourceTree = "<group>"; };
		B70B143A2BC369C50042CBD9 /* Report.swift */ = {isa = PBXFileReference; fileEncoding = 4; lastKnownFileType = sourcecode.swift; path = Report.swift; sourceTree = "<group>"; };
		B70B143B2BC369C50042CBD9 /* ReportSubmissionView.swift */ = {isa = PBXFileReference; fileEncoding = 4; lastKnownFileType = sourcecode.swift; path = ReportSubmissionView.swift; sourceTree = "<group>"; };
		B774D7D92BC368180094557E /* GoogleService-Info.plist */ = {isa = PBXFileReference; fileEncoding = 4; lastKnownFileType = text.plist.xml; path = "GoogleService-Info.plist"; sourceTree = "<group>"; };
		B774D7DA2BC368180094557E /* HABalert.xcodeproj */ = {isa = PBXFileReference; lastKnownFileType = "wrapper.pb-project"; path = HABalert.xcodeproj; sourceTree = "<group>"; };
		B774D7DB2BC368180094557E /* HABalertApp.swift */ = {isa = PBXFileReference; fileEncoding = 4; lastKnownFileType = sourcecode.swift; path = HABalertApp.swift; sourceTree = "<group>"; };
		B774D7DF2BC368180094557E /* README.md */ = {isa = PBXFileReference; fileEncoding = 4; lastKnownFileType = net.daringfireball.markdown; path = README.md; sourceTree = "<group>"; };
		B7C1C00D2BBA0A9800C28397 /* HABalert.app */ = {isa = PBXFileReference; explicitFileType = wrapper.application; includeInIndex = 0; path = HABalert.app; sourceTree = BUILT_PRODUCTS_DIR; };
/* End PBXFileReference section */

/* Begin PBXFrameworksBuildPhase section */
		B7C1C00A2BBA0A9800C28397 /* Frameworks */ = {
			isa = PBXFrameworksBuildPhase;
			buildActionMask = 2147483647;
			files = (
				B7C1C0222BBA0BCA00C28397 /* FirebaseAnalytics in Frameworks */,
				B7C1C0262BBA272D00C28397 /* FirebaseFirestore in Frameworks */,
				B7C1C0282BBA273800C28397 /* FirebaseFirestoreSwift in Frameworks */,
			);
			runOnlyForDeploymentPostprocessing = 0;
		};
/* End PBXFrameworksBuildPhase section */

/* Begin PBXGroup section */
		B70B143C2BC369C50042CBD9 /* Source */ = {
			isa = PBXGroup;
			children = (
				B70B14342BC369C50042CBD9 /* .gitignore */,
				B70B14352BC369C50042CBD9 /* AddView.swift */,
				B70B14362BC369C50042CBD9 /* ContentView.swift */,
				B70B14372BC369C50042CBD9 /* Helper.swift */,
				B70B14382BC369C50042CBD9 /* ImagePicker.swift */,
				B70B14392BC369C50042CBD9 /* MapView.swift */,
				B70B143A2BC369C50042CBD9 /* Report.swift */,
				B70B143B2BC369C50042CBD9 /* ReportSubmissionView.swift */,
			);
			path = Source;
			sourceTree = "<group>";
		};
		B774D7E22BC368180094557E /* HABalert */ = {
			isa = PBXGroup;
			children = (
				B774D7D92BC368180094557E /* GoogleService-Info.plist */,
				B774D7DA2BC368180094557E /* HABalert.xcodeproj */,
				B774D7DB2BC368180094557E /* HABalertApp.swift */,
				B70B143C2BC369C50042CBD9 /* Source */,
				B774D7DF2BC368180094557E /* README.md */,
			);
			name = HABalert;
			sourceTree = "<group>";
		};
		B774D7E32BC368180094557E /* Products */ = {
			isa = PBXGroup;
			name = Products;
			sourceTree = "<group>";
		};
		B7C1C0042BBA0A9800C28397 = {
			isa = PBXGroup;
			children = (
				B774D7E22BC368180094557E /* HABalert */,
				B7C1C00E2BBA0A9800C28397 /* Products */,
				B7C1C0242BBA272D00C28397 /* Frameworks */,
			);
			sourceTree = "<group>";
		};
		B7C1C00E2BBA0A9800C28397 /* Products */ = {
			isa = PBXGroup;
			children = (
				B7C1C00D2BBA0A9800C28397 /* HABalert.app */,
			);
			name = Products;
			sourceTree = "<group>";
		};
		B7C1C0242BBA272D00C28397 /* Frameworks */ = {
			isa = PBXGroup;
			children = (
			);
			name = Frameworks;
			sourceTree = "<group>";
		};
/* End PBXGroup section */

/* Begin PBXNativeTarget section */
		B7C1C00C2BBA0A9800C28397 /* HABalert */ = {
			isa = PBXNativeTarget;
			buildConfigurationList = B7C1C01B2BBA0A9A00C28397 /* Build configuration list for PBXNativeTarget "HABalert" */;
			buildPhases = (
				B7C1C0092BBA0A9800C28397 /* Sources */,
				B7C1C00A2BBA0A9800C28397 /* Frameworks */,
				B7C1C00B2BBA0A9800C28397 /* Resources */,
			);
			buildRules = (
			);
			dependencies = (
			);
			name = HABalert;
			packageProductDependencies = (
				B7C1C0212BBA0BCA00C28397 /* FirebaseAnalytics */,
				B7C1C0252BBA272D00C28397 /* FirebaseFirestore */,
				B7C1C0272BBA273800C28397 /* FirebaseFirestoreSwift */,
			);
			productName = HABalert;
			productReference = B7C1C00D2BBA0A9800C28397 /* HABalert.app */;
			productType = "com.apple.product-type.application";
		};
/* End PBXNativeTarget section */

/* Begin PBXProject section */
		B7C1C0052BBA0A9800C28397 /* Project object */ = {
			isa = PBXProject;
			attributes = {
				BuildIndependentTargetsInParallel = 1;
				LastSwiftUpdateCheck = 1530;
				LastUpgradeCheck = 1530;
				TargetAttributes = {
					B7C1C00C2BBA0A9800C28397 = {
						CreatedOnToolsVersion = 15.3;
					};
				};
			};
			buildConfigurationList = B7C1C0082BBA0A9800C28397 /* Build configuration list for PBXProject "HABalert" */;
			compatibilityVersion = "Xcode 14.0";
			developmentRegion = en;
			hasScannedForEncodings = 0;
			knownRegions = (
				en,
				Base,
			);
			mainGroup = B7C1C0042BBA0A9800C28397;
			packageReferences = (
				B7C1C0202BBA0BCA00C28397 /* XCRemoteSwiftPackageReference "firebase-ios-sdk" */,
			);
			productRefGroup = B7C1C00E2BBA0A9800C28397 /* Products */;
			projectDirPath = "";
			projectReferences = (
				{
					ProductGroup = B774D7E32BC368180094557E /* Products */;
					ProjectRef = B774D7DA2BC368180094557E /* HABalert.xcodeproj */;
				},
			);
			projectRoot = "";
			targets = (
				B7C1C00C2BBA0A9800C28397 /* HABalert */,
			);
		};
/* End PBXProject section */

/* Begin PBXResourcesBuildPhase section */
		B7C1C00B2BBA0A9800C28397 /* Resources */ = {
			isa = PBXResourcesBuildPhase;
			buildActionMask = 2147483647;
			files = (
				B70B143D2BC369C50042CBD9 /* .gitignore in Resources */,
				B774D7ED2BC368180094557E /* README.md in Resources */,
				B774D7E82BC368180094557E /* GoogleService-Info.plist in Resources */,
			);
			runOnlyForDeploymentPostprocessing = 0;
		};
/* End PBXResourcesBuildPhase section */

/* Begin PBXSourcesBuildPhase section */
		B7C1C0092BBA0A9800C28397 /* Sources */ = {
			isa = PBXSourcesBuildPhase;
			buildActionMask = 2147483647;
			files = (
				B70B14402BC369C50042CBD9 /* Helper.swift in Sources */,
				B70B14442BC369C50042CBD9 /* ReportSubmissionView.swift in Sources */,
				B70B143E2BC369C50042CBD9 /* AddView.swift in Sources */,
				B70B14422BC369C50042CBD9 /* MapView.swift in Sources */,
				B70B143F2BC369C50042CBD9 /* ContentView.swift in Sources */,
				B70B14432BC369C50042CBD9 /* Report.swift in Sources */,
				B70B14412BC369C50042CBD9 /* ImagePicker.swift in Sources */,
				B774D7E92BC368180094557E /* HABalertApp.swift in Sources */,
			);
			runOnlyForDeploymentPostprocessing = 0;
		};
/* End PBXSourcesBuildPhase section */

/* Begin XCBuildConfiguration section */
		B7C1C0192BBA0A9A00C28397 /* Debug */ = {
			isa = XCBuildConfiguration;
			buildSettings = {
				ALWAYS_SEARCH_USER_PATHS = NO;
				ASSETCATALOG_COMPILER_GENERATE_SWIFT_ASSET_SYMBOL_EXTENSIONS = YES;
				CLANG_ANALYZER_NONNULL = YES;
				CLANG_ANALYZER_NUMBER_OBJECT_CONVERSION = YES_AGGRESSIVE;
				CLANG_CXX_LANGUAGE_STANDARD = "gnu++20";
				CLANG_ENABLE_MODULES = YES;
				CLANG_ENABLE_OBJC_ARC = YES;
				CLANG_ENABLE_OBJC_WEAK = YES;
				CLANG_WARN_BLOCK_CAPTURE_AUTORELEASING = YES;
				CLANG_WARN_BOOL_CONVERSION = YES;
				CLANG_WARN_COMMA = YES;
				CLANG_WARN_CONSTANT_CONVERSION = YES;
				CLANG_WARN_DEPRECATED_OBJC_IMPLEMENTATIONS = YES;
				CLANG_WARN_DIRECT_OBJC_ISA_USAGE = YES_ERROR;
				CLANG_WARN_DOCUMENTATION_COMMENTS = YES;
				CLANG_WARN_EMPTY_BODY = YES;
				CLANG_WARN_ENUM_CONVERSION = YES;
				CLANG_WARN_INFINITE_RECURSION = YES;
				CLANG_WARN_INT_CONVERSION = YES;
				CLANG_WARN_NON_LITERAL_NULL_CONVERSION = YES;
				CLANG_WARN_OBJC_IMPLICIT_RETAIN_SELF = YES;
				CLANG_WARN_OBJC_LITERAL_CONVERSION = YES;
				CLANG_WARN_OBJC_ROOT_CLASS = YES_ERROR;
				CLANG_WARN_QUOTED_INCLUDE_IN_FRAMEWORK_HEADER = YES;
				CLANG_WARN_RANGE_LOOP_ANALYSIS = YES;
				CLANG_WARN_STRICT_PROTOTYPES = YES;
				CLANG_WARN_SUSPICIOUS_MOVE = YES;
				CLANG_WARN_UNGUARDED_AVAILABILITY = YES_AGGRESSIVE;
				CLANG_WARN_UNREACHABLE_CODE = YES;
				CLANG_WARN__DUPLICATE_METHOD_MATCH = YES;
				COPY_PHASE_STRIP = NO;
				DEBUG_INFORMATION_FORMAT = dwarf;
				ENABLE_STRICT_OBJC_MSGSEND = YES;
				ENABLE_TESTABILITY = YES;
				ENABLE_USER_SCRIPT_SANDBOXING = YES;
				GCC_C_LANGUAGE_STANDARD = gnu17;
				GCC_DYNAMIC_NO_PIC = NO;
				GCC_NO_COMMON_BLOCKS = YES;
				GCC_OPTIMIZATION_LEVEL = 0;
				GCC_PREPROCESSOR_DEFINITIONS = (
					"DEBUG=1",
					"$(inherited)",
				);
				GCC_WARN_64_TO_32_BIT_CONVERSION = YES;
				GCC_WARN_ABOUT_RETURN_TYPE = YES_ERROR;
				GCC_WARN_UNDECLARED_SELECTOR = YES;
				GCC_WARN_UNINITIALIZED_AUTOS = YES_AGGRESSIVE;
				GCC_WARN_UNUSED_FUNCTION = YES;
				GCC_WARN_UNUSED_VARIABLE = YES;
				IPHONEOS_DEPLOYMENT_TARGET = 17.4;
				LOCALIZATION_PREFERS_STRING_CATALOGS = YES;
				MTL_ENABLE_DEBUG_INFO = INCLUDE_SOURCE;
				MTL_FAST_MATH = YES;
				ONLY_ACTIVE_ARCH = YES;
				OTHER_LDFLAGS = "-ObjC";
				SDKROOT = iphoneos;
				SWIFT_ACTIVE_COMPILATION_CONDITIONS = "DEBUG $(inherited)";
				SWIFT_OPTIMIZATION_LEVEL = "-Onone";
			};
			name = Debug;
		};
		B7C1C01A2BBA0A9A00C28397 /* Release */ = {
			isa = XCBuildConfiguration;
			buildSettings = {
				ALWAYS_SEARCH_USER_PATHS = NO;
				ASSETCATALOG_COMPILER_GENERATE_SWIFT_ASSET_SYMBOL_EXTENSIONS = YES;
				CLANG_ANALYZER_NONNULL = YES;
				CLANG_ANALYZER_NUMBER_OBJECT_CONVERSION = YES_AGGRESSIVE;
				CLANG_CXX_LANGUAGE_STANDARD = "gnu++20";
				CLANG_ENABLE_MODULES = YES;
				CLANG_ENABLE_OBJC_ARC = YES;
				CLANG_ENABLE_OBJC_WEAK = YES;
				CLANG_WARN_BLOCK_CAPTURE_AUTORELEASING = YES;
				CLANG_WARN_BOOL_CONVERSION = YES;
				CLANG_WARN_COMMA = YES;
				CLANG_WARN_CONSTANT_CONVERSION = YES;
				CLANG_WARN_DEPRECATED_OBJC_IMPLEMENTATIONS = YES;
				CLANG_WARN_DIRECT_OBJC_ISA_USAGE = YES_ERROR;
				CLANG_WARN_DOCUMENTATION_COMMENTS = YES;
				CLANG_WARN_EMPTY_BODY = YES;
				CLANG_WARN_ENUM_CONVERSION = YES;
				CLANG_WARN_INFINITE_RECURSION = YES;
				CLANG_WARN_INT_CONVERSION = YES;
				CLANG_WARN_NON_LITERAL_NULL_CONVERSION = YES;
				CLANG_WARN_OBJC_IMPLICIT_RETAIN_SELF = YES;
				CLANG_WARN_OBJC_LITERAL_CONVERSION = YES;
				CLANG_WARN_OBJC_ROOT_CLASS = YES_ERROR;
				CLANG_WARN_QUOTED_INCLUDE_IN_FRAMEWORK_HEADER = YES;
				CLANG_WARN_RANGE_LOOP_ANALYSIS = YES;
				CLANG_WARN_STRICT_PROTOTYPES = YES;
				CLANG_WARN_SUSPICIOUS_MOVE = YES;
				CLANG_WARN_UNGUARDED_AVAILABILITY = YES_AGGRESSIVE;
				CLANG_WARN_UNREACHABLE_CODE = YES;
				CLANG_WARN__DUPLICATE_METHOD_MATCH = YES;
				COPY_PHASE_STRIP = NO;
				DEBUG_INFORMATION_FORMAT = "dwarf-with-dsym";
				ENABLE_NS_ASSERTIONS = NO;
				ENABLE_STRICT_OBJC_MSGSEND = YES;
				ENABLE_USER_SCRIPT_SANDBOXING = YES;
				GCC_C_LANGUAGE_STANDARD = gnu17;
				GCC_NO_COMMON_BLOCKS = YES;
				GCC_WARN_64_TO_32_BIT_CONVERSION = YES;
				GCC_WARN_ABOUT_RETURN_TYPE = YES_ERROR;
				GCC_WARN_UNDECLARED_SELECTOR = YES;
				GCC_WARN_UNINITIALIZED_AUTOS = YES_AGGRESSIVE;
				GCC_WARN_UNUSED_FUNCTION = YES;
				GCC_WARN_UNUSED_VARIABLE = YES;
				IPHONEOS_DEPLOYMENT_TARGET = 17.4;
				LOCALIZATION_PREFERS_STRING_CATALOGS = YES;
				MTL_ENABLE_DEBUG_INFO = NO;
				MTL_FAST_MATH = YES;
				OTHER_LDFLAGS = "-ObjC";
				SDKROOT = iphoneos;
				SWIFT_COMPILATION_MODE = wholemodule;
				VALIDATE_PRODUCT = YES;
			};
			name = Release;
		};
		B7C1C01C2BBA0A9A00C28397 /* Debug */ = {
			isa = XCBuildConfiguration;
			buildSettings = {
				ASSETCATALOG_COMPILER_APPICON_NAME = AppIcon;
				ASSETCATALOG_COMPILER_GLOBAL_ACCENT_COLOR_NAME = AccentColor;
				CODE_SIGN_STYLE = Automatic;
				CURRENT_PROJECT_VERSION = 1;
				DEVELOPMENT_ASSET_PATHS = "\"HABalert/Preview Content\"";
				DEVELOPMENT_TEAM = 3NSNPRV932;
				ENABLE_PREVIEWS = YES;
				GENERATE_INFOPLIST_FILE = YES;
				INFOPLIST_KEY_UIApplicationSceneManifest_Generation = YES;
				INFOPLIST_KEY_UIApplicationSupportsIndirectInputEvents = YES;
				INFOPLIST_KEY_UILaunchScreen_Generation = YES;
				INFOPLIST_KEY_UISupportedInterfaceOrientations_iPad = "UIInterfaceOrientationPortrait UIInterfaceOrientationPortraitUpsideDown UIInterfaceOrientationLandscapeLeft UIInterfaceOrientationLandscapeRight";
				INFOPLIST_KEY_UISupportedInterfaceOrientations_iPhone = "UIInterfaceOrientationPortrait UIInterfaceOrientationLandscapeLeft UIInterfaceOrientationLandscapeRight";
				LD_RUNPATH_SEARCH_PATHS = (
					"$(inherited)",
					"@executable_path/Frameworks",
				);
				MARKETING_VERSION = 1.0;
				PRODUCT_BUNDLE_IDENTIFIER = com.hestia.HABalert;
				PRODUCT_NAME = "$(TARGET_NAME)";
				SWIFT_EMIT_LOC_STRINGS = YES;
				SWIFT_VERSION = 5.0;
				TARGETED_DEVICE_FAMILY = "1,2";
			};
			name = Debug;
		};
		B7C1C01D2BBA0A9A00C28397 /* Release */ = {
			isa = XCBuildConfiguration;
			buildSettings = {
				ASSETCATALOG_COMPILER_APPICON_NAME = AppIcon;
				ASSETCATALOG_COMPILER_GLOBAL_ACCENT_COLOR_NAME = AccentColor;
				CODE_SIGN_STYLE = Automatic;
				CURRENT_PROJECT_VERSION = 1;
				DEVELOPMENT_ASSET_PATHS = "\"HABalert/Preview Content\"";
				DEVELOPMENT_TEAM = 3NSNPRV932;
				ENABLE_PREVIEWS = YES;
				GENERATE_INFOPLIST_FILE = YES;
				INFOPLIST_KEY_UIApplicationSceneManifest_Generation = YES;
				INFOPLIST_KEY_UIApplicationSupportsIndirectInputEvents = YES;
				INFOPLIST_KEY_UILaunchScreen_Generation = YES;
				INFOPLIST_KEY_UISupportedInterfaceOrientations_iPad = "UIInterfaceOrientationPortrait UIInterfaceOrientationPortraitUpsideDown UIInterfaceOrientationLandscapeLeft UIInterfaceOrientationLandscapeRight";
				INFOPLIST_KEY_UISupportedInterfaceOrientations_iPhone = "UIInterfaceOrientationPortrait UIInterfaceOrientationLandscapeLeft UIInterfaceOrientationLandscapeRight";
				LD_RUNPATH_SEARCH_PATHS = (
					"$(inherited)",
					"@executable_path/Frameworks",
				);
				MARKETING_VERSION = 1.0;
				PRODUCT_BUNDLE_IDENTIFIER = com.hestia.HABalert;
				PRODUCT_NAME = "$(TARGET_NAME)";
				SWIFT_EMIT_LOC_STRINGS = YES;
				SWIFT_VERSION = 5.0;
				TARGETED_DEVICE_FAMILY = "1,2";
			};
			name = Release;
		};
/* End XCBuildConfiguration section */

/* Begin XCConfigurationList section */
		B7C1C0082BBA0A9800C28397 /* Build configuration list for PBXProject "HABalert" */ = {
			isa = XCConfigurationList;
			buildConfigurations = (
				B7C1C0192BBA0A9A00C28397 /* Debug */,
				B7C1C01A2BBA0A9A00C28397 /* Release */,
			);
			defaultConfigurationIsVisible = 0;
			defaultConfigurationName = Release;
		};
		B7C1C01B2BBA0A9A00C28397 /* Build configuration list for PBXNativeTarget "HABalert" */ = {
			isa = XCConfigurationList;
			buildConfigurations = (
				B7C1C01C2BBA0A9A00C28397 /* Debug */,
				B7C1C01D2BBA0A9A00C28397 /* Release */,
			);
			defaultConfigurationIsVisible = 0;
			defaultConfigurationName = Release;
		};
/* End XCConfigurationList section */

/* Begin XCRemoteSwiftPackageReference section */
		B7C1C0202BBA0BCA00C28397 /* XCRemoteSwiftPackageReference "firebase-ios-sdk" */ = {
			isa = XCRemoteSwiftPackageReference;
			repositoryURL = "https://github.com/firebase/firebase-ios-sdk";
			requirement = {
				kind = upToNextMajorVersion;
				minimumVersion = 10.23.1;
			};
		};
/* End XCRemoteSwiftPackageReference section */

/* Begin XCSwiftPackageProductDependency section */
		B7C1C0212BBA0BCA00C28397 /* FirebaseAnalytics */ = {
			isa = XCSwiftPackageProductDependency;
			package = B7C1C0202BBA0BCA00C28397 /* XCRemoteSwiftPackageReference "firebase-ios-sdk" */;
			productName = FirebaseAnalytics;
		};
		B7C1C0252BBA272D00C28397 /* FirebaseFirestore */ = {
			isa = XCSwiftPackageProductDependency;
			package = B7C1C0202BBA0BCA00C28397 /* XCRemoteSwiftPackageReference "firebase-ios-sdk" */;
			productName = FirebaseFirestore;
		};
		B7C1C0272BBA273800C28397 /* FirebaseFirestoreSwift */ = {
			isa = XCSwiftPackageProductDependency;
			package = B7C1C0202BBA0BCA00C28397 /* XCRemoteSwiftPackageReference "firebase-ios-sdk" */;
			productName = FirebaseFirestoreSwift;
		};
/* End XCSwiftPackageProductDependency section */
	};
	rootObject = B7C1C0052BBA0A9800C28397 /* Project object */;
}
