// !$*UTF8*$!
{
	archiveVersion = 1;
	classes = {
	};
	objectVersion = 63;
	objects = {

/* Begin PBXBuildFile section */
		B79F876D2BB99BD4009AF809 /* HABalert.app in Resources */ = {isa = PBXBuildFile; fileRef = B7DE1F4D2ADF0292002AF4F8 /* HABalert.app */; };
		B7DE1F512ADF0292002AF4F8 /* HABalertApp.swift in Sources */ = {isa = PBXBuildFile; fileRef = B7DE1F502ADF0292002AF4F8 /* HABalertApp.swift */; };
		B7DE1F532ADF0292002AF4F8 /* ContentView.swift in Sources */ = {isa = PBXBuildFile; fileRef = B7DE1F522ADF0292002AF4F8 /* ContentView.swift */; };
		B7DE1F552ADF0294002AF4F8 /* Assets.xcassets in Resources */ = {isa = PBXBuildFile; fileRef = B7DE1F542ADF0294002AF4F8 /* Assets.xcassets */; };
		B7DE1F582ADF0294002AF4F8 /* Preview Assets.xcassets in Resources */ = {isa = PBXBuildFile; fileRef = B7DE1F572ADF0294002AF4F8 /* Preview Assets.xcassets */; };
		B7DE1F5F2ADF0ECC002AF4F8 /* AddView.swift in Sources */ = {isa = PBXBuildFile; fileRef = B7DE1F5E2ADF0ECC002AF4F8 /* AddView.swift */; };
		B7DE1F612ADF4760002AF4F8 /* Report.swift in Sources */ = {isa = PBXBuildFile; fileRef = B7DE1F602ADF4760002AF4F8 /* Report.swift */; };
		B7DE1F632ADF4893002AF4F8 /* Helper.swift in Sources */ = {isa = PBXBuildFile; fileRef = B7DE1F622ADF4893002AF4F8 /* Helper.swift */; };
		B7DE1F672ADF7D81002AF4F8 /* MapView.swift in Sources */ = {isa = PBXBuildFile; fileRef = B7DE1F662ADF7D81002AF4F8 /* MapView.swift */; };
		B7DE1F692AE05809002AF4F8 /* ReportSubmissionView.swift in Sources */ = {isa = PBXBuildFile; fileRef = B7DE1F682AE05809002AF4F8 /* ReportSubmissionView.swift */; };
		B7DE1F6B2AE05848002AF4F8 /* ImagePicker.swift in Sources */ = {isa = PBXBuildFile; fileRef = B7DE1F6A2AE05848002AF4F8 /* ImagePicker.swift */; };
/* End PBXBuildFile section */

/* Begin PBXFileReference section */
		B7DE1F4D2ADF0292002AF4F8 /* HABalert.app */ = {isa = PBXFileReference; explicitFileType = wrapper.application; includeInIndex = 0; path = HABalert.app; sourceTree = BUILT_PRODUCTS_DIR; };
		B7DE1F502ADF0292002AF4F8 /* HABalertApp.swift */ = {isa = PBXFileReference; lastKnownFileType = sourcecode.swift; path = HABalertApp.swift; sourceTree = "<group>"; };
		B7DE1F522ADF0292002AF4F8 /* ContentView.swift */ = {isa = PBXFileReference; lastKnownFileType = sourcecode.swift; path = ContentView.swift; sourceTree = "<group>"; };
		B7DE1F542ADF0294002AF4F8 /* Assets.xcassets */ = {isa = PBXFileReference; lastKnownFileType = folder.assetcatalog; path = Assets.xcassets; sourceTree = "<group>"; };
		B7DE1F572ADF0294002AF4F8 /* Preview Assets.xcassets */ = {isa = PBXFileReference; lastKnownFileType = folder.assetcatalog; path = "Preview Assets.xcassets"; sourceTree = "<group>"; };
		B7DE1F5E2ADF0ECC002AF4F8 /* AddView.swift */ = {isa = PBXFileReference; lastKnownFileType = sourcecode.swift; path = AddView.swift; sourceTree = "<group>"; };
		B7DE1F602ADF4760002AF4F8 /* Report.swift */ = {isa = PBXFileReference; lastKnownFileType = sourcecode.swift; path = Report.swift; sourceTree = "<group>"; };
		B7DE1F622ADF4893002AF4F8 /* Helper.swift */ = {isa = PBXFileReference; lastKnownFileType = sourcecode.swift; path = Helper.swift; sourceTree = "<group>"; };
		B7DE1F662ADF7D81002AF4F8 /* MapView.swift */ = {isa = PBXFileReference; lastKnownFileType = sourcecode.swift; path = MapView.swift; sourceTree = "<group>"; };
		B7DE1F682AE05809002AF4F8 /* ReportSubmissionView.swift */ = {isa = PBXFileReference; lastKnownFileType = sourcecode.swift; path = ReportSubmissionView.swift; sourceTree = "<group>"; };
		B7DE1F6A2AE05848002AF4F8 /* ImagePicker.swift */ = {isa = PBXFileReference; lastKnownFileType = sourcecode.swift; path = ImagePicker.swift; sourceTree = "<group>"; };
/* End PBXFileReference section */

/* Begin PBXFrameworksBuildPhase section */
		B7DE1F4A2ADF0292002AF4F8 /* Frameworks */ = {
			isa = PBXFrameworksBuildPhase;
			buildActionMask = 2147483647;
			files = (
			);
			runOnlyForDeploymentPostprocessing = 0;
		};
/* End PBXFrameworksBuildPhase section */

/* Begin PBXGroup section */
		B7DE1F442ADF0292002AF4F8 = {
			isa = PBXGroup;
			children = (
				B7DE1F4F2ADF0292002AF4F8 /* HABalert */,
				B7DE1F4E2ADF0292002AF4F8 /* Products */,
			);
			sourceTree = "<group>";
		};
		B7DE1F4E2ADF0292002AF4F8 /* Products */ = {
			isa = PBXGroup;
			children = (
				B7DE1F4D2ADF0292002AF4F8 /* HABalert.app */,
			);
			name = Products;
			sourceTree = "<group>";
		};
		B7DE1F4F2ADF0292002AF4F8 /* HABalert */ = {
			isa = PBXGroup;
			children = (
				B7DE1F502ADF0292002AF4F8 /* HABalertApp.swift */,
				B7DE1F522ADF0292002AF4F8 /* ContentView.swift */,
				B7DE1F5E2ADF0ECC002AF4F8 /* AddView.swift */,
				B7DE1F602ADF4760002AF4F8 /* Report.swift */,
				B7DE1F622ADF4893002AF4F8 /* Helper.swift */,
				B7DE1F662ADF7D81002AF4F8 /* MapView.swift */,
				B7DE1F682AE05809002AF4F8 /* ReportSubmissionView.swift */,
				B7DE1F6A2AE05848002AF4F8 /* ImagePicker.swift */,
				B7DE1F542ADF0294002AF4F8 /* Assets.xcassets */,
				B7DE1F562ADF0294002AF4F8 /* Preview Content */,
			);
			path = HABalert;
			sourceTree = "<group>";
		};
		B7DE1F562ADF0294002AF4F8 /* Preview Content */ = {
			isa = PBXGroup;
			children = (
				B7DE1F572ADF0294002AF4F8 /* Preview Assets.xcassets */,
			);
			path = "Preview Content";
			sourceTree = "<group>";
		};
/* End PBXGroup section */

/* Begin PBXNativeTarget section */
		B7DE1F4C2ADF0292002AF4F8 /* HABalert */ = {
			isa = PBXNativeTarget;
			buildConfigurationList = B7DE1F5B2ADF0294002AF4F8 /* Build configuration list for PBXNativeTarget "HABalert" */;
			buildPhases = (
				B7DE1F492ADF0292002AF4F8 /* Sources */,
				B7DE1F4A2ADF0292002AF4F8 /* Frameworks */,
				B7DE1F4B2ADF0292002AF4F8 /* Resources */,
			);
			buildRules = (
			);
			dependencies = (
			);
			name = HABalert;
			packageProductDependencies = (
			);
			productName = HABalert;
			productReference = B7DE1F4D2ADF0292002AF4F8 /* HABalert.app */;
			productType = "com.apple.product-type.application";
		};
/* End PBXNativeTarget section */

/* Begin PBXProject section */
		B7DE1F452ADF0292002AF4F8 /* Project object */ = {
			isa = PBXProject;
			attributes = {
				BuildIndependentTargetsInParallel = 1;
				LastSwiftUpdateCheck = 1500;
				LastUpgradeCheck = 1500;
				TargetAttributes = {
					B7DE1F4C2ADF0292002AF4F8 = {
						CreatedOnToolsVersion = 15.0;
					};
				};
			};
			buildConfigurationList = B7DE1F482ADF0292002AF4F8 /* Build configuration list for PBXProject "HABalert" */;
			compatibilityVersion = "Xcode 15.3";
			developmentRegion = en;
			hasScannedForEncodings = 0;
			knownRegions = (
				en,
				Base,
			);
			mainGroup = B7DE1F442ADF0292002AF4F8;
			packageReferences = (
			);
			productRefGroup = B7DE1F4E2ADF0292002AF4F8 /* Products */;
			projectDirPath = "";
			projectRoot = "";
			targets = (
				B7DE1F4C2ADF0292002AF4F8 /* HABalert */,
			);
		};
/* End PBXProject section */

/* Begin PBXResourcesBuildPhase section */
		B7DE1F4B2ADF0292002AF4F8 /* Resources */ = {
			isa = PBXResourcesBuildPhase;
			buildActionMask = 2147483647;
			files = (
				B7DE1F582ADF0294002AF4F8 /* Preview Assets.xcassets in Resources */,
				B7DE1F552ADF0294002AF4F8 /* Assets.xcassets in Resources */,
				B79F876D2BB99BD4009AF809 /* HABalert.app in Resources */,
			);
			runOnlyForDeploymentPostprocessing = 0;
		};
/* End PBXResourcesBuildPhase section */

/* Begin PBXSourcesBuildPhase section */
		B7DE1F492ADF0292002AF4F8 /* Sources */ = {
			isa = PBXSourcesBuildPhase;
			buildActionMask = 2147483647;
			files = (
				B7DE1F532ADF0292002AF4F8 /* ContentView.swift in Sources */,
				B7DE1F672ADF7D81002AF4F8 /* MapView.swift in Sources */,
				B7DE1F512ADF0292002AF4F8 /* HABalertApp.swift in Sources */,
				B7DE1F632ADF4893002AF4F8 /* Helper.swift in Sources */,
				B7DE1F5F2ADF0ECC002AF4F8 /* AddView.swift in Sources */,
				B7DE1F6B2AE05848002AF4F8 /* ImagePicker.swift in Sources */,
				B7DE1F692AE05809002AF4F8 /* ReportSubmissionView.swift in Sources */,
				B7DE1F612ADF4760002AF4F8 /* Report.swift in Sources */,
			);
			runOnlyForDeploymentPostprocessing = 0;
		};
/* End PBXSourcesBuildPhase section */

/* Begin XCBuildConfiguration section */
		B7DE1F592ADF0294002AF4F8 /* Debug */ = {
			isa = XCBuildConfiguration;
			buildSettings = {
				ALWAYS_SEARCH_USER_PATHS = NO;
				ASSETCATALOG_COMPILER_GENERATE_SWIFT_ASSET_SYMBOL_EXTENSIONS = YES;
				CLANG_ANALYZER_NONNULL = YES;
				CLANG_ANALYZER_NUMBER_OBJECT_CONVERSION = YES_AGGRESSIVE;
				CLANG_CXX_LANGUAGE_STANDARD = "gnu++20";
				CLANG_ENABLE_MODULES = YES;
				CLANG_ENABLE_OBJC_ARC = YES;
				CLANG_ENABLE_OBJC_WEAK = YES;
				CLANG_WARN_BLOCK_CAPTURE_AUTORELEASING = YES;
				CLANG_WARN_BOOL_CONVERSION = YES;
				CLANG_WARN_COMMA = YES;
				CLANG_WARN_CONSTANT_CONVERSION = YES;
				CLANG_WARN_DEPRECATED_OBJC_IMPLEMENTATIONS = YES;
				CLANG_WARN_DIRECT_OBJC_ISA_USAGE = YES_ERROR;
				CLANG_WARN_DOCUMENTATION_COMMENTS = YES;
				CLANG_WARN_EMPTY_BODY = YES;
				CLANG_WARN_ENUM_CONVERSION = YES;
				CLANG_WARN_INFINITE_RECURSION = YES;
				CLANG_WARN_INT_CONVERSION = YES;
				CLANG_WARN_NON_LITERAL_NULL_CONVERSION = YES;
				CLANG_WARN_OBJC_IMPLICIT_RETAIN_SELF = YES;
				CLANG_WARN_OBJC_LITERAL_CONVERSION = YES;
				CLANG_WARN_OBJC_ROOT_CLASS = YES_ERROR;
				CLANG_WARN_QUOTED_INCLUDE_IN_FRAMEWORK_HEADER = YES;
				CLANG_WARN_RANGE_LOOP_ANALYSIS = YES;
				CLANG_WARN_STRICT_PROTOTYPES = YES;
				CLANG_WARN_SUSPICIOUS_MOVE = YES;
				CLANG_WARN_UNGUARDED_AVAILABILITY = YES_AGGRESSIVE;
				CLANG_WARN_UNREACHABLE_CODE = YES;
				CLANG_WARN__DUPLICATE_METHOD_MATCH = YES;
				COPY_PHASE_STRIP = NO;
				DEBUG_INFORMATION_FORMAT = dwarf;
				ENABLE_STRICT_OBJC_MSGSEND = YES;
				ENABLE_TESTABILITY = YES;
				ENABLE_USER_SCRIPT_SANDBOXING = YES;
				GCC_C_LANGUAGE_STANDARD = gnu17;
				GCC_DYNAMIC_NO_PIC = NO;
				GCC_NO_COMMON_BLOCKS = YES;
				GCC_OPTIMIZATION_LEVEL = 0;
				GCC_PREPROCESSOR_DEFINITIONS = (
					"DEBUG=1",
					"$(inherited)",
				);
				GCC_WARN_64_TO_32_BIT_CONVERSION = YES;
				GCC_WARN_ABOUT_RETURN_TYPE = YES_ERROR;
				GCC_WARN_UNDECLARED_SELECTOR = YES;
				GCC_WARN_UNINITIALIZED_AUTOS = YES_AGGRESSIVE;
				GCC_WARN_UNUSED_FUNCTION = YES;
				GCC_WARN_UNUSED_VARIABLE = YES;
				IPHONEOS_DEPLOYMENT_TARGET = 17.0;
				LOCALIZATION_PREFERS_STRING_CATALOGS = YES;
				MTL_ENABLE_DEBUG_INFO = INCLUDE_SOURCE;
				MTL_FAST_MATH = YES;
				ONLY_ACTIVE_ARCH = YES;
				SDKROOT = iphoneos;
				SWIFT_ACTIVE_COMPILATION_CONDITIONS = "DEBUG $(inherited)";
				SWIFT_OPTIMIZATION_LEVEL = "-Onone";
			};
			name = Debug;
		};
		B7DE1F5A2ADF0294002AF4F8 /* Release */ = {
			isa = XCBuildConfiguration;
			buildSettings = {
				ALWAYS_SEARCH_USER_PATHS = NO;
				ASSETCATALOG_COMPILER_GENERATE_SWIFT_ASSET_SYMBOL_EXTENSIONS = YES;
				CLANG_ANALYZER_NONNULL = YES;
				CLANG_ANALYZER_NUMBER_OBJECT_CONVERSION = YES_AGGRESSIVE;
				CLANG_CXX_LANGUAGE_STANDARD = "gnu++20";
				CLANG_ENABLE_MODULES = YES;
				CLANG_ENABLE_OBJC_ARC = YES;
				CLANG_ENABLE_OBJC_WEAK = YES;
				CLANG_WARN_BLOCK_CAPTURE_AUTORELEASING = YES;
				CLANG_WARN_BOOL_CONVERSION = YES;
				CLANG_WARN_COMMA = YES;
				CLANG_WARN_CONSTANT_CONVERSION = YES;
				CLANG_WARN_DEPRECATED_OBJC_IMPLEMENTATIONS = YES;
				CLANG_WARN_DIRECT_OBJC_ISA_USAGE = YES_ERROR;
				CLANG_WARN_DOCUMENTATION_COMMENTS = YES;
				CLANG_WARN_EMPTY_BODY = YES;
				CLANG_WARN_ENUM_CONVERSION = YES;
				CLANG_WARN_INFINITE_RECURSION = YES;
				CLANG_WARN_INT_CONVERSION = YES;
				CLANG_WARN_NON_LITERAL_NULL_CONVERSION = YES;
				CLANG_WARN_OBJC_IMPLICIT_RETAIN_SELF = YES;
				CLANG_WARN_OBJC_LITERAL_CONVERSION = YES;
				CLANG_WARN_OBJC_ROOT_CLASS = YES_ERROR;
				CLANG_WARN_QUOTED_INCLUDE_IN_FRAMEWORK_HEADER = YES;
				CLANG_WARN_RANGE_LOOP_ANALYSIS = YES;
				CLANG_WARN_STRICT_PROTOTYPES = YES;
				CLANG_WARN_SUSPICIOUS_MOVE = YES;
				CLANG_WARN_UNGUARDED_AVAILABILITY = YES_AGGRESSIVE;
				CLANG_WARN_UNREACHABLE_CODE = YES;
				CLANG_WARN__DUPLICATE_METHOD_MATCH = YES;
				COPY_PHASE_STRIP = NO;
				DEBUG_INFORMATION_FORMAT = "dwarf-with-dsym";
				ENABLE_NS_ASSERTIONS = NO;
				ENABLE_STRICT_OBJC_MSGSEND = YES;
				ENABLE_USER_SCRIPT_SANDBOXING = YES;
				GCC_C_LANGUAGE_STANDARD = gnu17;
				GCC_NO_COMMON_BLOCKS = YES;
				GCC_WARN_64_TO_32_BIT_CONVERSION = YES;
				GCC_WARN_ABOUT_RETURN_TYPE = YES_ERROR;
				GCC_WARN_UNDECLARED_SELECTOR = YES;
				GCC_WARN_UNINITIALIZED_AUTOS = YES_AGGRESSIVE;
				GCC_WARN_UNUSED_FUNCTION = YES;
				GCC_WARN_UNUSED_VARIABLE = YES;
				IPHONEOS_DEPLOYMENT_TARGET = 17.0;
				LOCALIZATION_PREFERS_STRING_CATALOGS = YES;
				MTL_ENABLE_DEBUG_INFO = NO;
				MTL_FAST_MATH = YES;
				SDKROOT = iphoneos;
				SWIFT_COMPILATION_MODE = wholemodule;
				VALIDATE_PRODUCT = YES;
			};
			name = Release;
		};
		B7DE1F5C2ADF0294002AF4F8 /* Debug */ = {
			isa = XCBuildConfiguration;
			buildSettings = {
				ASSETCATALOG_COMPILER_APPICON_NAME = AppIcon;
				ASSETCATALOG_COMPILER_GLOBAL_ACCENT_COLOR_NAME = AccentColor;
				CODE_SIGN_STYLE = Automatic;
				CURRENT_PROJECT_VERSION = 1;
				DEVELOPMENT_ASSET_PATHS = "\"HABalert/Preview Content\"";
				DEVELOPMENT_TEAM = 3NSNPRV932;
				ENABLE_PREVIEWS = YES;
				GENERATE_INFOPLIST_FILE = YES;
				INFOPLIST_FILE = "";
				"INFOPLIST_FILE[sdk=*]" = "";
				INFOPLIST_KEY_UIApplicationSceneManifest_Generation = YES;
				INFOPLIST_KEY_UIApplicationSupportsIndirectInputEvents = YES;
				INFOPLIST_KEY_UILaunchScreen_Generation = YES;
				INFOPLIST_KEY_UISupportedInterfaceOrientations_iPad = "UIInterfaceOrientationPortrait UIInterfaceOrientationPortraitUpsideDown UIInterfaceOrientationLandscapeLeft UIInterfaceOrientationLandscapeRight";
				INFOPLIST_KEY_UISupportedInterfaceOrientations_iPhone = "UIInterfaceOrientationPortrait UIInterfaceOrientationLandscapeLeft UIInterfaceOrientationLandscapeRight";
				LD_RUNPATH_SEARCH_PATHS = (
					"$(inherited)",
					"@executable_path/Frameworks",
				);
				MARKETING_VERSION = 1.0;
				PRODUCT_BUNDLE_IDENTIFIER = com.example.HABalert;
				PRODUCT_NAME = "$(TARGET_NAME)";
				SWIFT_EMIT_LOC_STRINGS = YES;
				SWIFT_VERSION = 5.0;
				TARGETED_DEVICE_FAMILY = "1,2";
			};
			name = Debug;
		};
		B7DE1F5D2ADF0294002AF4F8 /* Release */ = {
			isa = XCBuildConfiguration;
			buildSettings = {
				ASSETCATALOG_COMPILER_APPICON_NAME = AppIcon;
				ASSETCATALOG_COMPILER_GLOBAL_ACCENT_COLOR_NAME = AccentColor;
				CODE_SIGN_STYLE = Automatic;
				CURRENT_PROJECT_VERSION = 1;
				DEVELOPMENT_ASSET_PATHS = "\"HABalert/Preview Content\"";
				DEVELOPMENT_TEAM = 3NSNPRV932;
				ENABLE_PREVIEWS = YES;
				GENERATE_INFOPLIST_FILE = YES;
				INFOPLIST_FILE = "";
				INFOPLIST_KEY_UIApplicationSceneManifest_Generation = YES;
				INFOPLIST_KEY_UIApplicationSupportsIndirectInputEvents = YES;
				INFOPLIST_KEY_UILaunchScreen_Generation = YES;
				INFOPLIST_KEY_UISupportedInterfaceOrientations_iPad = "UIInterfaceOrientationPortrait UIInterfaceOrientationPortraitUpsideDown UIInterfaceOrientationLandscapeLeft UIInterfaceOrientationLandscapeRight";
				INFOPLIST_KEY_UISupportedInterfaceOrientations_iPhone = "UIInterfaceOrientationPortrait UIInterfaceOrientationLandscapeLeft UIInterfaceOrientationLandscapeRight";
				LD_RUNPATH_SEARCH_PATHS = (
					"$(inherited)",
					"@executable_path/Frameworks",
				);
				MARKETING_VERSION = 1.0;
				PRODUCT_BUNDLE_IDENTIFIER = com.example.HABalert;
				PRODUCT_NAME = "$(TARGET_NAME)";
				SWIFT_EMIT_LOC_STRINGS = YES;
				SWIFT_VERSION = 5.0;
				TARGETED_DEVICE_FAMILY = "1,2";
			};
			name = Release;
		};
/* End XCBuildConfiguration section */

/* Begin XCConfigurationList section */
		B7DE1F482ADF0292002AF4F8 /* Build configuration list for PBXProject "HABalert" */ = {
			isa = XCConfigurationList;
			buildConfigurations = (
				B7DE1F592ADF0294002AF4F8 /* Debug */,
				B7DE1F5A2ADF0294002AF4F8 /* Release */,
			);
			defaultConfigurationIsVisible = 0;
			defaultConfigurationName = Release;
		};
		B7DE1F5B2ADF0294002AF4F8 /* Build configuration list for PBXNativeTarget "HABalert" */ = {
			isa = XCConfigurationList;
			buildConfigurations = (
				B7DE1F5C2ADF0294002AF4F8 /* Debug */,
				B7DE1F5D2ADF0294002AF4F8 /* Release */,
			);
			defaultConfigurationIsVisible = 0;
			defaultConfigurationName = Release;
		};
/* End XCConfigurationList section */
	};
	rootObject = B7DE1F452ADF0292002AF4F8 /* Project object */;
}
